
Microsoft Visual Studio Solution File, Format Version 12.00
# Visual Studio Version 17
VisualStudioVersion = 17.8.34511.84
MinimumVisualStudioVersion = 10.0.40219.1
Project("{FAE04EC0-301F-11D3-BF4B-00C04F79EFBC}") = "Questao05", "Questao05.csproj", "{4C5D2082-CC6E-469A-BAA0-C8E94F72AF21}"
EndProject
Global
	GlobalSection(SolutionConfigurationPlatforms) = preSolution
		Debug|Any CPU = Debug|Any CPU
		Release|Any CPU = Release|Any CPU
	EndGlobalSection
	GlobalSection(ProjectConfigurationPlatforms) = postSolution
		{4C5D2082-CC6E-469A-BAA0-C8E94F72AF21}.Debug|Any CPU.ActiveCfg = Debug|Any CPU
		{4C5D2082-CC6E-469A-BAA0-C8E94F72AF21}.Debug|Any CPU.Build.0 = Debug|Any CPU
		{4C5D2082-CC6E-469A-BAA0-C8E94F72AF21}.Release|Any CPU.ActiveCfg = Release|Any CPU
		{4C5D2082-CC6E-469A-BAA0-C8E94F72AF21}.Release|Any CPU.Build.0 = Release|Any CPU
	EndGlobalSection
	GlobalSection(SolutionProperties) = preSolution
		HideSolutionNode = FALSE
	EndGlobalSection
	GlobalSection(ExtensibilityGlobals) = postSolution
		SolutionGuid = {B2C51D58-6549-4B3C-8F20-5F0C5BF3F7B3}
	EndGlobalSection
EndGlobal
