
Microsoft Visual Studio Solution File, Format Version 12.00
# Visual Studio Version 17
VisualStudioVersion = 17.8.34511.84
MinimumVisualStudioVersion = 10.0.40219.1
Project("{FAE04EC0-301F-11D3-BF4B-00C04F79EFBC}") = "Questao03", "Questao03.csproj", "{079EB61F-D58C-4886-8D6E-CBF111BF32F4}"
EndProject
Global
	GlobalSection(SolutionConfigurationPlatforms) = preSolution
		Debug|Any CPU = Debug|Any CPU
		Release|Any CPU = Release|Any CPU
	EndGlobalSection
	GlobalSection(ProjectConfigurationPlatforms) = postSolution
		{079EB61F-D58C-4886-8D6E-CBF111BF32F4}.Debug|Any CPU.ActiveCfg = Debug|Any CPU
		{079EB61F-D58C-4886-8D6E-CBF111BF32F4}.Debug|Any CPU.Build.0 = Debug|Any CPU
		{079EB61F-D58C-4886-8D6E-CBF111BF32F4}.Release|Any CPU.ActiveCfg = Release|Any CPU
		{079EB61F-D58C-4886-8D6E-CBF111BF32F4}.Release|Any CPU.Build.0 = Release|Any CPU
	EndGlobalSection
	GlobalSection(SolutionProperties) = preSolution
		HideSolutionNode = FALSE
	EndGlobalSection
	GlobalSection(ExtensibilityGlobals) = postSolution
		SolutionGuid = {C8946E54-6F73-4BFF-8593-3535A2419B49}
	EndGlobalSection
EndGlobal
