
Microsoft Visual Studio Solution File, Format Version 12.00
# Visual Studio Version 17
VisualStudioVersion = 17.8.34511.84
MinimumVisualStudioVersion = 10.0.40219.1
Project("{FAE04EC0-301F-11D3-BF4B-00C04F79EFBC}") = "Questao03A", "Questao03A.csproj", "{34C14C7C-448E-4AD5-8BB2-347D8FB37376}"
EndProject
Global
	GlobalSection(SolutionConfigurationPlatforms) = preSolution
		Debug|Any CPU = Debug|Any CPU
		Release|Any CPU = Release|Any CPU
	EndGlobalSection
	GlobalSection(ProjectConfigurationPlatforms) = postSolution
		{34C14C7C-448E-4AD5-8BB2-347D8FB37376}.Debug|Any CPU.ActiveCfg = Debug|Any CPU
		{34C14C7C-448E-4AD5-8BB2-347D8FB37376}.Debug|Any CPU.Build.0 = Debug|Any CPU
		{34C14C7C-448E-4AD5-8BB2-347D8FB37376}.Release|Any CPU.ActiveCfg = Release|Any CPU
		{34C14C7C-448E-4AD5-8BB2-347D8FB37376}.Release|Any CPU.Build.0 = Release|Any CPU
	EndGlobalSection
	GlobalSection(SolutionProperties) = preSolution
		HideSolutionNode = FALSE
	EndGlobalSection
	GlobalSection(ExtensibilityGlobals) = postSolution
		SolutionGuid = {60F3E675-B7F8-4A39-8225-AD0A45D06E88}
	EndGlobalSection
EndGlobal
